
Microsoft Visual Studio Solution File, Format Version 12.00
# Visual Studio Version 17
VisualStudioVersion = 17.0.31903.59
MinimumVisualStudioVersion = 10.0.40219.1
Project("{FAE04EC0-301F-11D3-BF4B-00C04F79EFBC}") = "FluentAssertionsMigrator", "FluentAssertionsMigrator\FluentAssertionsMigrator.csproj", "{21428281-80A6-40E8-90CE-CBDBFF9325CC}"
EndProject
Project("{FAE04EC0-301F-11D3-BF4B-00C04F79EFBC}") = "FluentAssertionsMigrator.Tests", "FluentAssertionsMigrator.Tests\FluentAssertionsMigrator.Tests.csproj", "{5B423BBC-70CE-4078-86B5-C43B0EF97A15}"
EndProject
Project("{FAE04EC0-301F-11D3-BF4B-00C04F79EFBC}") = "TestProject", "..\testsolution\TestProject\TestProject.csproj", "{E80FECA0-4CFB-47FF-9A69-ED6CCC0C5C86}"
EndProject
Global
	GlobalSection(SolutionConfigurationPlatforms) = preSolution
		Debug|Any CPU = Debug|Any CPU
		Release|Any CPU = Release|Any CPU
	EndGlobalSection
	GlobalSection(SolutionProperties) = preSolution
		HideSolutionNode = FALSE
	EndGlobalSection
	GlobalSection(ProjectConfigurationPlatforms) = postSolution
		{21428281-80A6-40E8-90CE-CBDBFF9325CC}.Debug|Any CPU.ActiveCfg = Debug|Any CPU
		{21428281-80A6-40E8-90CE-CBDBFF9325CC}.Debug|Any CPU.Build.0 = Debug|Any CPU
		{21428281-80A6-40E8-90CE-CBDBFF9325CC}.Release|Any CPU.ActiveCfg = Release|Any CPU
		{21428281-80A6-40E8-90CE-CBDBFF9325CC}.Release|Any CPU.Build.0 = Release|Any CPU
		{5B423BBC-70CE-4078-86B5-C43B0EF97A15}.Debug|Any CPU.ActiveCfg = Debug|Any CPU
		{5B423BBC-70CE-4078-86B5-C43B0EF97A15}.Debug|Any CPU.Build.0 = Debug|Any CPU
		{5B423BBC-70CE-4078-86B5-C43B0EF97A15}.Release|Any CPU.ActiveCfg = Release|Any CPU
		{5B423BBC-70CE-4078-86B5-C43B0EF97A15}.Release|Any CPU.Build.0 = Release|Any CPU
		{E80FECA0-4CFB-47FF-9A69-ED6CCC0C5C86}.Debug|Any CPU.ActiveCfg = Debug|Any CPU
		{E80FECA0-4CFB-47FF-9A69-ED6CCC0C5C86}.Debug|Any CPU.Build.0 = Debug|Any CPU
		{E80FECA0-4CFB-47FF-9A69-ED6CCC0C5C86}.Release|Any CPU.ActiveCfg = Release|Any CPU
		{E80FECA0-4CFB-47FF-9A69-ED6CCC0C5C86}.Release|Any CPU.Build.0 = Release|Any CPU
	EndGlobalSection
EndGlobal
